// !$*UTF8*$!
{
	archiveVersion = 1;
	classes = {
	};
	objectVersion = 56;
	objects = {

/* Begin PBXBuildFile section */
		8714DAA529B8C09900EF751F /* RecipeDetailView.swift in Sources */ = {isa = PBXBuildFile; fileRef = 8714DAA429B8C09900EF751F /* RecipeDetailView.swift */; };
		8714DB0629B8EF8800EF751F /* RecipeTabView.swift in Sources */ = {isa = PBXBuildFile; fileRef = 8714DB0529B8EF8800EF751F /* RecipeTabView.swift */; };
		87377F8B29B7E0200050D867 /* RecipeListApp.swift in Sources */ = {isa = PBXBuildFile; fileRef = 87377F8A29B7E0200050D867 /* RecipeListApp.swift */; };
		87377F8D29B7E0200050D867 /* RecipeListView.swift in Sources */ = {isa = PBXBuildFile; fileRef = 87377F8C29B7E0200050D867 /* RecipeListView.swift */; };
		87377F8F29B7E0220050D867 /* Assets.xcassets in Resources */ = {isa = PBXBuildFile; fileRef = 87377F8E29B7E0220050D867 /* Assets.xcassets */; };
		87377F9229B7E0220050D867 /* Preview Assets.xcassets in Resources */ = {isa = PBXBuildFile; fileRef = 87377F9129B7E0220050D867 /* Preview Assets.xcassets */; };
		87377F9F29B7E1260050D867 /* recipes.json in Resources */ = {isa = PBXBuildFile; fileRef = 87377F9E29B7E1260050D867 /* recipes.json */; };
		87377FA129B7E1E10050D867 /* Recipe.swift in Sources */ = {isa = PBXBuildFile; fileRef = 87377FA029B7E1E10050D867 /* Recipe.swift */; };
		87377FA329B7E2D30050D867 /* RecipeModel.swift in Sources */ = {isa = PBXBuildFile; fileRef = 87377FA229B7E2D30050D867 /* RecipeModel.swift */; };
		87377FA529B7E4190050D867 /* DataService.swift in Sources */ = {isa = PBXBuildFile; fileRef = 87377FA429B7E4190050D867 /* DataService.swift */; };
		87E1312229BA60D700E0C139 /* RecipeFeatureView.swift in Sources */ = {isa = PBXBuildFile; fileRef = 87E1312129BA60D700E0C139 /* RecipeFeatureView.swift */; };
/* End PBXBuildFile section */

/* Begin PBXFileReference section */
		8714DAA429B8C09900EF751F /* RecipeDetailView.swift */ = {isa = PBXFileReference; lastKnownFileType = sourcecode.swift; path = RecipeDetailView.swift; sourceTree = "<group>"; };
		8714DB0529B8EF8800EF751F /* RecipeTabView.swift */ = {isa = PBXFileReference; lastKnownFileType = sourcecode.swift; path = RecipeTabView.swift; sourceTree = "<group>"; };
		87377F8729B7E0200050D867 /* RecipeListApp.app */ = {isa = PBXFileReference; explicitFileType = wrapper.application; includeInIndex = 0; path = RecipeListApp.app; sourceTree = BUILT_PRODUCTS_DIR; };
		87377F8A29B7E0200050D867 /* RecipeListApp.swift */ = {isa = PBXFileReference; lastKnownFileType = sourcecode.swift; path = RecipeListApp.swift; sourceTree = "<group>"; };
		87377F8C29B7E0200050D867 /* RecipeListView.swift */ = {isa = PBXFileReference; lastKnownFileType = sourcecode.swift; path = RecipeListView.swift; sourceTree = "<group>"; };
		87377F8E29B7E0220050D867 /* Assets.xcassets */ = {isa = PBXFileReference; lastKnownFileType = folder.assetcatalog; path = Assets.xcassets; sourceTree = "<group>"; };
		87377F9129B7E0220050D867 /* Preview Assets.xcassets */ = {isa = PBXFileReference; lastKnownFileType = folder.assetcatalog; path = "Preview Assets.xcassets"; sourceTree = "<group>"; };
		87377F9E29B7E1260050D867 /* recipes.json */ = {isa = PBXFileReference; fileEncoding = 4; lastKnownFileType = text.json; name = recipes.json; path = "../../../../../Downloads/RecipeListApp Resources/recipes.json"; sourceTree = "<group>"; };
		87377FA029B7E1E10050D867 /* Recipe.swift */ = {isa = PBXFileReference; lastKnownFileType = sourcecode.swift; path = Recipe.swift; sourceTree = "<group>"; };
		87377FA229B7E2D30050D867 /* RecipeModel.swift */ = {isa = PBXFileReference; lastKnownFileType = sourcecode.swift; path = RecipeModel.swift; sourceTree = "<group>"; };
		87377FA429B7E4190050D867 /* DataService.swift */ = {isa = PBXFileReference; lastKnownFileType = sourcecode.swift; path = DataService.swift; sourceTree = "<group>"; };
		87E1312129BA60D700E0C139 /* RecipeFeatureView.swift */ = {isa = PBXFileReference; lastKnownFileType = sourcecode.swift; path = RecipeFeatureView.swift; sourceTree = "<group>"; };
/* End PBXFileReference section */

/* Begin PBXFrameworksBuildPhase section */
		87377F8429B7E0200050D867 /* Frameworks */ = {
			isa = PBXFrameworksBuildPhase;
			buildActionMask = 2147483647;
			files = (
			);
			runOnlyForDeploymentPostprocessing = 0;
		};
/* End PBXFrameworksBuildPhase section */

/* Begin PBXGroup section */
		87377F7E29B7E0200050D867 = {
			isa = PBXGroup;
			children = (
				87377F8929B7E0200050D867 /* RecipeListApp */,
				87377F8829B7E0200050D867 /* Products */,
			);
			sourceTree = "<group>";
		};
		87377F8829B7E0200050D867 /* Products */ = {
			isa = PBXGroup;
			children = (
				87377F8729B7E0200050D867 /* RecipeListApp.app */,
			);
			name = Products;
			sourceTree = "<group>";
		};
		87377F8929B7E0200050D867 /* RecipeListApp */ = {
			isa = PBXGroup;
			children = (
				87377F8A29B7E0200050D867 /* RecipeListApp.swift */,
				87377F9829B7E0520050D867 /* View */,
				87377F9B29B7E0A80050D867 /* ViewModels */,
				87377F9929B7E0910050D867 /* Models */,
				87377F9D29B7E0AE0050D867 /* Services */,
				87377F9C29B7E0AB0050D867 /* Data */,
				87377F8E29B7E0220050D867 /* Assets.xcassets */,
				87377F9029B7E0220050D867 /* Preview Content */,
			);
			path = RecipeListApp;
			sourceTree = "<group>";
		};
		87377F9029B7E0220050D867 /* Preview Content */ = {
			isa = PBXGroup;
			children = (
				87377F9129B7E0220050D867 /* Preview Assets.xcassets */,
			);
			path = "Preview Content";
			sourceTree = "<group>";
		};
		87377F9829B7E0520050D867 /* View */ = {
			isa = PBXGroup;
			children = (
				87377F8C29B7E0200050D867 /* RecipeListView.swift */,
				8714DAA429B8C09900EF751F /* RecipeDetailView.swift */,
				8714DB0529B8EF8800EF751F /* RecipeTabView.swift */,
				87E1312129BA60D700E0C139 /* RecipeFeatureView.swift */,
			);
			path = View;
			sourceTree = "<group>";
		};
		87377F9929B7E0910050D867 /* Models */ = {
			isa = PBXGroup;
			children = (
				87377FA029B7E1E10050D867 /* Recipe.swift */,
			);
			path = Models;
			sourceTree = "<group>";
		};
		87377F9B29B7E0A80050D867 /* ViewModels */ = {
			isa = PBXGroup;
			children = (
				87377FA229B7E2D30050D867 /* RecipeModel.swift */,
			);
			path = ViewModels;
			sourceTree = "<group>";
		};
		87377F9C29B7E0AB0050D867 /* Data */ = {
			isa = PBXGroup;
			children = (
				87377F9E29B7E1260050D867 /* recipes.json */,
			);
			path = Data;
			sourceTree = "<group>";
		};
		87377F9D29B7E0AE0050D867 /* Services */ = {
			isa = PBXGroup;
			children = (
				87377FA429B7E4190050D867 /* DataService.swift */,
			);
			path = Services;
			sourceTree = "<group>";
		};
/* End PBXGroup section */

/* Begin PBXNativeTarget section */
		87377F8629B7E0200050D867 /* RecipeListApp */ = {
			isa = PBXNativeTarget;
			buildConfigurationList = 87377F9529B7E0220050D867 /* Build configuration list for PBXNativeTarget "RecipeListApp" */;
			buildPhases = (
				87377F8329B7E0200050D867 /* Sources */,
				87377F8429B7E0200050D867 /* Frameworks */,
				87377F8529B7E0200050D867 /* Resources */,
			);
			buildRules = (
			);
			dependencies = (
			);
			name = RecipeListApp;
			productName = RecipeListApp;
			productReference = 87377F8729B7E0200050D867 /* RecipeListApp.app */;
			productType = "com.apple.product-type.application";
		};
/* End PBXNativeTarget section */

/* Begin PBXProject section */
		87377F7F29B7E0200050D867 /* Project object */ = {
			isa = PBXProject;
			attributes = {
				BuildIndependentTargetsInParallel = 1;
				LastSwiftUpdateCheck = 1420;
				LastUpgradeCheck = 1420;
				TargetAttributes = {
					87377F8629B7E0200050D867 = {
						CreatedOnToolsVersion = 14.2;
					};
				};
			};
			buildConfigurationList = 87377F8229B7E0200050D867 /* Build configuration list for PBXProject "RecipeListApp" */;
			compatibilityVersion = "Xcode 14.0";
			developmentRegion = en;
			hasScannedForEncodings = 0;
			knownRegions = (
				en,
				Base,
			);
			mainGroup = 87377F7E29B7E0200050D867;
			productRefGroup = 87377F8829B7E0200050D867 /* Products */;
			projectDirPath = "";
			projectRoot = "";
			targets = (
				87377F8629B7E0200050D867 /* RecipeListApp */,
			);
		};
/* End PBXProject section */

/* Begin PBXResourcesBuildPhase section */
		87377F8529B7E0200050D867 /* Resources */ = {
			isa = PBXResourcesBuildPhase;
			buildActionMask = 2147483647;
			files = (
				87377F9229B7E0220050D867 /* Preview Assets.xcassets in Resources */,
				87377F9F29B7E1260050D867 /* recipes.json in Resources */,
				87377F8F29B7E0220050D867 /* Assets.xcassets in Resources */,
			);
			runOnlyForDeploymentPostprocessing = 0;
		};
/* End PBXResourcesBuildPhase section */

/* Begin PBXSourcesBuildPhase section */
		87377F8329B7E0200050D867 /* Sources */ = {
			isa = PBXSourcesBuildPhase;
			buildActionMask = 2147483647;
			files = (
				87377FA129B7E1E10050D867 /* Recipe.swift in Sources */,
				87E1312229BA60D700E0C139 /* RecipeFeatureView.swift in Sources */,
				8714DAA529B8C09900EF751F /* RecipeDetailView.swift in Sources */,
				87377FA329B7E2D30050D867 /* RecipeModel.swift in Sources */,
				87377F8D29B7E0200050D867 /* RecipeListView.swift in Sources */,
				87377F8B29B7E0200050D867 /* RecipeListApp.swift in Sources */,
				87377FA529B7E4190050D867 /* DataService.swift in Sources */,
				8714DB0629B8EF8800EF751F /* RecipeTabView.swift in Sources */,
			);
			runOnlyForDeploymentPostprocessing = 0;
		};
/* End PBXSourcesBuildPhase section */

/* Begin XCBuildConfiguration section */
		87377F9329B7E0220050D867 /* Debug */ = {
			isa = XCBuildConfiguration;
			buildSettings = {
				ALWAYS_SEARCH_USER_PATHS = NO;
				CLANG_ANALYZER_NONNULL = YES;
				CLANG_ANALYZER_NUMBER_OBJECT_CONVERSION = YES_AGGRESSIVE;
				CLANG_CXX_LANGUAGE_STANDARD = "gnu++20";
				CLANG_ENABLE_MODULES = YES;
				CLANG_ENABLE_OBJC_ARC = YES;
				CLANG_ENABLE_OBJC_WEAK = YES;
				CLANG_WARN_BLOCK_CAPTURE_AUTORELEASING = YES;
				CLANG_WARN_BOOL_CONVERSION = YES;
				CLANG_WARN_COMMA = YES;
				CLANG_WARN_CONSTANT_CONVERSION = YES;
				CLANG_WARN_DEPRECATED_OBJC_IMPLEMENTATIONS = YES;
				CLANG_WARN_DIRECT_OBJC_ISA_USAGE = YES_ERROR;
				CLANG_WARN_DOCUMENTATION_COMMENTS = YES;
				CLANG_WARN_EMPTY_BODY = YES;
				CLANG_WARN_ENUM_CONVERSION = YES;
				CLANG_WARN_INFINITE_RECURSION = YES;
				CLANG_WARN_INT_CONVERSION = YES;
				CLANG_WARN_NON_LITERAL_NULL_CONVERSION = YES;
				CLANG_WARN_OBJC_IMPLICIT_RETAIN_SELF = YES;
				CLANG_WARN_OBJC_LITERAL_CONVERSION = YES;
				CLANG_WARN_OBJC_ROOT_CLASS = YES_ERROR;
				CLANG_WARN_QUOTED_INCLUDE_IN_FRAMEWORK_HEADER = YES;
				CLANG_WARN_RANGE_LOOP_ANALYSIS = YES;
				CLANG_WARN_STRICT_PROTOTYPES = YES;
				CLANG_WARN_SUSPICIOUS_MOVE = YES;
				CLANG_WARN_UNGUARDED_AVAILABILITY = YES_AGGRESSIVE;
				CLANG_WARN_UNREACHABLE_CODE = YES;
				CLANG_WARN__DUPLICATE_METHOD_MATCH = YES;
				COPY_PHASE_STRIP = NO;
				DEBUG_INFORMATION_FORMAT = dwarf;
				ENABLE_STRICT_OBJC_MSGSEND = YES;
				ENABLE_TESTABILITY = YES;
				GCC_C_LANGUAGE_STANDARD = gnu11;
				GCC_DYNAMIC_NO_PIC = NO;
				GCC_NO_COMMON_BLOCKS = YES;
				GCC_OPTIMIZATION_LEVEL = 0;
				GCC_PREPROCESSOR_DEFINITIONS = (
					"DEBUG=1",
					"$(inherited)",
				);
				GCC_WARN_64_TO_32_BIT_CONVERSION = YES;
				GCC_WARN_ABOUT_RETURN_TYPE = YES_ERROR;
				GCC_WARN_UNDECLARED_SELECTOR = YES;
				GCC_WARN_UNINITIALIZED_AUTOS = YES_AGGRESSIVE;
				GCC_WARN_UNUSED_FUNCTION = YES;
				GCC_WARN_UNUSED_VARIABLE = YES;
				IPHONEOS_DEPLOYMENT_TARGET = 16.2;
				MTL_ENABLE_DEBUG_INFO = INCLUDE_SOURCE;
				MTL_FAST_MATH = YES;
				ONLY_ACTIVE_ARCH = YES;
				SDKROOT = iphoneos;
				SWIFT_ACTIVE_COMPILATION_CONDITIONS = DEBUG;
				SWIFT_OPTIMIZATION_LEVEL = "-Onone";
			};
			name = Debug;
		};
		87377F9429B7E0220050D867 /* Release */ = {
			isa = XCBuildConfiguration;
			buildSettings = {
				ALWAYS_SEARCH_USER_PATHS = NO;
				CLANG_ANALYZER_NONNULL = YES;
				CLANG_ANALYZER_NUMBER_OBJECT_CONVERSION = YES_AGGRESSIVE;
				CLANG_CXX_LANGUAGE_STANDARD = "gnu++20";
				CLANG_ENABLE_MODULES = YES;
				CLANG_ENABLE_OBJC_ARC = YES;
				CLANG_ENABLE_OBJC_WEAK = YES;
				CLANG_WARN_BLOCK_CAPTURE_AUTORELEASING = YES;
				CLANG_WARN_BOOL_CONVERSION = YES;
				CLANG_WARN_COMMA = YES;
				CLANG_WARN_CONSTANT_CONVERSION = YES;
				CLANG_WARN_DEPRECATED_OBJC_IMPLEMENTATIONS = YES;
				CLANG_WARN_DIRECT_OBJC_ISA_USAGE = YES_ERROR;
				CLANG_WARN_DOCUMENTATION_COMMENTS = YES;
				CLANG_WARN_EMPTY_BODY = YES;
				CLANG_WARN_ENUM_CONVERSION = YES;
				CLANG_WARN_INFINITE_RECURSION = YES;
				CLANG_WARN_INT_CONVERSION = YES;
				CLANG_WARN_NON_LITERAL_NULL_CONVERSION = YES;
				CLANG_WARN_OBJC_IMPLICIT_RETAIN_SELF = YES;
				CLANG_WARN_OBJC_LITERAL_CONVERSION = YES;
				CLANG_WARN_OBJC_ROOT_CLASS = YES_ERROR;
				CLANG_WARN_QUOTED_INCLUDE_IN_FRAMEWORK_HEADER = YES;
				CLANG_WARN_RANGE_LOOP_ANALYSIS = YES;
				CLANG_WARN_STRICT_PROTOTYPES = YES;
				CLANG_WARN_SUSPICIOUS_MOVE = YES;
				CLANG_WARN_UNGUARDED_AVAILABILITY = YES_AGGRESSIVE;
				CLANG_WARN_UNREACHABLE_CODE = YES;
				CLANG_WARN__DUPLICATE_METHOD_MATCH = YES;
				COPY_PHASE_STRIP = NO;
				DEBUG_INFORMATION_FORMAT = "dwarf-with-dsym";
				ENABLE_NS_ASSERTIONS = NO;
				ENABLE_STRICT_OBJC_MSGSEND = YES;
				GCC_C_LANGUAGE_STANDARD = gnu11;
				GCC_NO_COMMON_BLOCKS = YES;
				GCC_WARN_64_TO_32_BIT_CONVERSION = YES;
				GCC_WARN_ABOUT_RETURN_TYPE = YES_ERROR;
				GCC_WARN_UNDECLARED_SELECTOR = YES;
				GCC_WARN_UNINITIALIZED_AUTOS = YES_AGGRESSIVE;
				GCC_WARN_UNUSED_FUNCTION = YES;
				GCC_WARN_UNUSED_VARIABLE = YES;
				IPHONEOS_DEPLOYMENT_TARGET = 16.2;
				MTL_ENABLE_DEBUG_INFO = NO;
				MTL_FAST_MATH = YES;
				SDKROOT = iphoneos;
				SWIFT_COMPILATION_MODE = wholemodule;
				SWIFT_OPTIMIZATION_LEVEL = "-O";
				VALIDATE_PRODUCT = YES;
			};
			name = Release;
		};
		87377F9629B7E0220050D867 /* Debug */ = {
			isa = XCBuildConfiguration;
			buildSettings = {
				ASSETCATALOG_COMPILER_APPICON_NAME = AppIcon;
				ASSETCATALOG_COMPILER_GLOBAL_ACCENT_COLOR_NAME = AccentColor;
				CODE_SIGN_STYLE = Automatic;
				CURRENT_PROJECT_VERSION = 1;
				DEVELOPMENT_ASSET_PATHS = "\"RecipeListApp/Preview Content\"";
				ENABLE_PREVIEWS = YES;
				GENERATE_INFOPLIST_FILE = YES;
				INFOPLIST_KEY_UIApplicationSceneManifest_Generation = YES;
				INFOPLIST_KEY_UIApplicationSupportsIndirectInputEvents = YES;
				INFOPLIST_KEY_UILaunchScreen_Generation = YES;
				INFOPLIST_KEY_UISupportedInterfaceOrientations_iPad = "UIInterfaceOrientationPortrait UIInterfaceOrientationPortraitUpsideDown UIInterfaceOrientationLandscapeLeft UIInterfaceOrientationLandscapeRight";
				INFOPLIST_KEY_UISupportedInterfaceOrientations_iPhone = "UIInterfaceOrientationPortrait UIInterfaceOrientationLandscapeLeft UIInterfaceOrientationLandscapeRight";
				LD_RUNPATH_SEARCH_PATHS = (
					"$(inherited)",
					"@executable_path/Frameworks",
				);
				MARKETING_VERSION = 1.0;
				PRODUCT_BUNDLE_IDENTIFIER = com.innovation.RecipeListApp;
				PRODUCT_NAME = "$(TARGET_NAME)";
				SWIFT_EMIT_LOC_STRINGS = YES;
				SWIFT_VERSION = 5.0;
				TARGETED_DEVICE_FAMILY = "1,2";
			};
			name = Debug;
		};
		87377F9729B7E0220050D867 /* Release */ = {
			isa = XCBuildConfiguration;
			buildSettings = {
				ASSETCATALOG_COMPILER_APPICON_NAME = AppIcon;
				ASSETCATALOG_COMPILER_GLOBAL_ACCENT_COLOR_NAME = AccentColor;
				CODE_SIGN_STYLE = Automatic;
				CURRENT_PROJECT_VERSION = 1;
				DEVELOPMENT_ASSET_PATHS = "\"RecipeListApp/Preview Content\"";
				ENABLE_PREVIEWS = YES;
				GENERATE_INFOPLIST_FILE = YES;
				INFOPLIST_KEY_UIApplicationSceneManifest_Generation = YES;
				INFOPLIST_KEY_UIApplicationSupportsIndirectInputEvents = YES;
				INFOPLIST_KEY_UILaunchScreen_Generation = YES;
				INFOPLIST_KEY_UISupportedInterfaceOrientations_iPad = "UIInterfaceOrientationPortrait UIInterfaceOrientationPortraitUpsideDown UIInterfaceOrientationLandscapeLeft UIInterfaceOrientationLandscapeRight";
				INFOPLIST_KEY_UISupportedInterfaceOrientations_iPhone = "UIInterfaceOrientationPortrait UIInterfaceOrientationLandscapeLeft UIInterfaceOrientationLandscapeRight";
				LD_RUNPATH_SEARCH_PATHS = (
					"$(inherited)",
					"@executable_path/Frameworks",
				);
				MARKETING_VERSION = 1.0;
				PRODUCT_BUNDLE_IDENTIFIER = com.innovation.RecipeListApp;
				PRODUCT_NAME = "$(TARGET_NAME)";
				SWIFT_EMIT_LOC_STRINGS = YES;
				SWIFT_VERSION = 5.0;
				TARGETED_DEVICE_FAMILY = "1,2";
			};
			name = Release;
		};
/* End XCBuildConfiguration section */

/* Begin XCConfigurationList section */
		87377F8229B7E0200050D867 /* Build configuration list for PBXProject "RecipeListApp" */ = {
			isa = XCConfigurationList;
			buildConfigurations = (
				87377F9329B7E0220050D867 /* Debug */,
				87377F9429B7E0220050D867 /* Release */,
			);
			defaultConfigurationIsVisible = 0;
			defaultConfigurationName = Release;
		};
		87377F9529B7E0220050D867 /* Build configuration list for PBXNativeTarget "RecipeListApp" */ = {
			isa = XCConfigurationList;
			buildConfigurations = (
				87377F9629B7E0220050D867 /* Debug */,
				87377F9729B7E0220050D867 /* Release */,
			);
			defaultConfigurationIsVisible = 0;
			defaultConfigurationName = Release;
		};
/* End XCConfigurationList section */
	};
	rootObject = 87377F7F29B7E0200050D867 /* Project object */;
}
